
Microsoft Visual Studio Solution File, Format Version 12.00
# Visual Studio Version 16
VisualStudioVersion = 16.0.31321.278
MinimumVisualStudioVersion = 10.0.40219.1
Project("{FAE04EC0-301F-11D3-BF4B-00C04F79EFBC}") = "Bolsa_Empleados", "Bolsa_Empleados\Bolsa_Empleados.csproj", "{8A19BBF7-983E-4714-876F-636FB721536A}"
EndProject
Project("{FAE04EC0-301F-11D3-BF4B-00C04F79EFBC}") = "Test", "Test\Test.csproj", "{C6687178-2248-47E7-9938-3389ABCC9DBD}"
EndProject
Global
	GlobalSection(SolutionConfigurationPlatforms) = preSolution
		Debug|Any CPU = Debug|Any CPU
		Release|Any CPU = Release|Any CPU
	EndGlobalSection
	GlobalSection(ProjectConfigurationPlatforms) = postSolution
		{8A19BBF7-983E-4714-876F-636FB721536A}.Debug|Any CPU.ActiveCfg = Debug|Any CPU
		{8A19BBF7-983E-4714-876F-636FB721536A}.Debug|Any CPU.Build.0 = Debug|Any CPU
		{8A19BBF7-983E-4714-876F-636FB721536A}.Release|Any CPU.ActiveCfg = Release|Any CPU
		{8A19BBF7-983E-4714-876F-636FB721536A}.Release|Any CPU.Build.0 = Release|Any CPU
		{C6687178-2248-47E7-9938-3389ABCC9DBD}.Debug|Any CPU.ActiveCfg = Debug|Any CPU
		{C6687178-2248-47E7-9938-3389ABCC9DBD}.Debug|Any CPU.Build.0 = Debug|Any CPU
		{C6687178-2248-47E7-9938-3389ABCC9DBD}.Release|Any CPU.ActiveCfg = Release|Any CPU
		{C6687178-2248-47E7-9938-3389ABCC9DBD}.Release|Any CPU.Build.0 = Release|Any CPU
	EndGlobalSection
	GlobalSection(SolutionProperties) = preSolution
		HideSolutionNode = FALSE
	EndGlobalSection
	GlobalSection(ExtensibilityGlobals) = postSolution
		SolutionGuid = {E707470E-8EB2-405C-BCDE-B43C1C3172AC}
	EndGlobalSection
EndGlobal
